
Microsoft Visual Studio Solution File, Format Version 12.00
# Visual Studio Version 16
VisualStudioVersion = 16.0.34301.259
MinimumVisualStudioVersion = 10.0.40219.1
Project("{FAE04EC0-301F-11D3-BF4B-00C04F79EFBC}") = "mvc_hospital_app", "mvc_hospital_app\mvc_hospital_app.csproj", "{1822589C-8A30-4D07-BFA0-FF09AFDABB49}"
EndProject
Global
	GlobalSection(SolutionConfigurationPlatforms) = preSolution
		Debug|Any CPU = Debug|Any CPU
		Release|Any CPU = Release|Any CPU
	EndGlobalSection
	GlobalSection(ProjectConfigurationPlatforms) = postSolution
		{1822589C-8A30-4D07-BFA0-FF09AFDABB49}.Debug|Any CPU.ActiveCfg = Debug|Any CPU
		{1822589C-8A30-4D07-BFA0-FF09AFDABB49}.Debug|Any CPU.Build.0 = Debug|Any CPU
		{1822589C-8A30-4D07-BFA0-FF09AFDABB49}.Release|Any CPU.ActiveCfg = Release|Any CPU
		{1822589C-8A30-4D07-BFA0-FF09AFDABB49}.Release|Any CPU.Build.0 = Release|Any CPU
	EndGlobalSection
	GlobalSection(SolutionProperties) = preSolution
		HideSolutionNode = FALSE
	EndGlobalSection
	GlobalSection(ExtensibilityGlobals) = postSolution
		SolutionGuid = {756B41D8-BE2D-4721-AA8F-C6CB23497268}
	EndGlobalSection
EndGlobal
